# This file is automatically @generated by Cargo.
# It is not intended for manual editing.
version = 4

[[package]]
name = "aqc-file-engine-core"
version = "0.0.0"

[[package]]
name = "requirement-facade-a"
version = "0.0.0"
dependencies = [
 "aqc-file-engine-core",
]

[[package]]
name = "requirement-facade-b"
version = "0.0.0"
dependencies = [
 "requirement-facade-a",
]

[[package]]
name = "requirement-facade-consumer"
version = "0.0.0"
dependencies = [
 "requirement-facade-b",
]
